
Microsoft Visual Studio Solution File, Format Version 12.00
# Visual Studio Version 17
VisualStudioVersion = 17.1.32421.90
MinimumVisualStudioVersion = 10.0.40219.1
Project("{FAE04EC0-301F-11D3-BF4B-00C04F79EFBC}") = "Task1", "Task1\Task1.csproj", "{9AD2761F-F058-4A33-B010-9FDC41C2902D}"
EndProject
Project("{FAE04EC0-301F-11D3-BF4B-00C04F79EFBC}") = "Task2", "Task2\Task2.csproj", "{24E19A21-20C3-43A3-A8CB-71E9CB2E8738}"
EndProject
Global
	GlobalSection(SolutionConfigurationPlatforms) = preSolution
		Debug|Any CPU = Debug|Any CPU
		Release|Any CPU = Release|Any CPU
	EndGlobalSection
	GlobalSection(ProjectConfigurationPlatforms) = postSolution
		{9AD2761F-F058-4A33-B010-9FDC41C2902D}.Debug|Any CPU.ActiveCfg = Debug|Any CPU
		{9AD2761F-F058-4A33-B010-9FDC41C2902D}.Debug|Any CPU.Build.0 = Debug|Any CPU
		{9AD2761F-F058-4A33-B010-9FDC41C2902D}.Release|Any CPU.ActiveCfg = Release|Any CPU
		{9AD2761F-F058-4A33-B010-9FDC41C2902D}.Release|Any CPU.Build.0 = Release|Any CPU
		{24E19A21-20C3-43A3-A8CB-71E9CB2E8738}.Debug|Any CPU.ActiveCfg = Debug|Any CPU
		{24E19A21-20C3-43A3-A8CB-71E9CB2E8738}.Debug|Any CPU.Build.0 = Debug|Any CPU
		{24E19A21-20C3-43A3-A8CB-71E9CB2E8738}.Release|Any CPU.ActiveCfg = Release|Any CPU
		{24E19A21-20C3-43A3-A8CB-71E9CB2E8738}.Release|Any CPU.Build.0 = Release|Any CPU
	EndGlobalSection
	GlobalSection(SolutionProperties) = preSolution
		HideSolutionNode = FALSE
	EndGlobalSection
	GlobalSection(ExtensibilityGlobals) = postSolution
		SolutionGuid = {99465E3B-F43C-478D-B7A3-1761C273432E}
	EndGlobalSection
EndGlobal
